
Microsoft Visual Studio Solution File, Format Version 12.00
# Visual Studio Version 16
VisualStudioVersion = 16.0.31729.503
MinimumVisualStudioVersion = 10.0.40219.1
Project("{9A19103F-16F7-4668-BE54-9A1E7A4F7556}") = "Desafio 1-Mostra", "Desafio\Desafio 1\Desafio 1-Mostra.csproj", "{0EB8D592-0164-4B73-8556-9F962A9409F8}"
EndProject
Project("{2150E333-8FDC-42A3-9474-1A3956D46DE8}") = "Desafios", "Desafios", "{07D918D0-C6CD-4D11-822B-AFFE603CD401}"
	ProjectSection(SolutionItems) = preProject
		Desafios\Fibonacci\Fibonacci.csproj = Desafios\Fibonacci\Fibonacci.csproj
		Desafios\Grenal\Grenal.csproj = Desafios\Grenal\Grenal.csproj
		Desafios\Somar  2 Matrizes 4x4\Program.cs = Desafios\Somar  2 Matrizes 4x4\Program.cs
		Desafios\Fibonacci\Program.cs = Desafios\Fibonacci\Program.cs
		Desafios\Grenal\Program.cs = Desafios\Grenal\Program.cs
		Desafios\Quatidade de Chuva\Program.cs = Desafios\Quatidade de Chuva\Program.cs
		Desafios\Quatidade de Chuva\Quatidade de Chuva.csproj = Desafios\Quatidade de Chuva\Quatidade de Chuva.csproj
		Desafios\Somar  2 Matrizes 4x4\Somar  2 Matrizes 4x4.csproj = Desafios\Somar  2 Matrizes 4x4\Somar  2 Matrizes 4x4.csproj
	EndProjectSection
EndProject
Project("{2150E333-8FDC-42A3-9474-1A3956D46DE8}") = "Exercícios Back-End", "Exercícios Back-End", "{31698176-33DD-4C8E-9B12-376D574AF1F1}"
EndProject
Project("{2150E333-8FDC-42A3-9474-1A3956D46DE8}") = "Exercícios Font-End", "Exercícios Font-End", "{B448C372-F760-4D72-BF1D-18853BFFD0B0}"
EndProject
Project("{9A19103F-16F7-4668-BE54-9A1E7A4F7556}") = "Vetor", "Vetor\Vetor.csproj", "{ABFA7038-E969-4BE1-9895-ED20EDDE2D23}"
EndProject
Project("{9A19103F-16F7-4668-BE54-9A1E7A4F7556}") = "Matriz", "Matriz\Matriz.csproj", "{5B8564FF-CE09-4C26-8C2B-082181F017AA}"
EndProject
Project("{2150E333-8FDC-42A3-9474-1A3956D46DE8}") = "HTML-CSS", "HTML-CSS", "{E0094BD1-E643-4533-A508-51775EFCE68B}"
	ProjectSection(SolutionItems) = preProject
		HTML-CSS\index.html = HTML-CSS\index.html
		HTML-CSS\pagina2.html = HTML-CSS\pagina2.html
		HTML-CSS\pagina3.html = HTML-CSS\pagina3.html
		HTML-CSS\pagina4.html = HTML-CSS\pagina4.html
		HTML-CSS\style.css = HTML-CSS\style.css
	EndProjectSection
EndProject
Project("{9A19103F-16F7-4668-BE54-9A1E7A4F7556}") = "Somar  2 Matrizes 4x4", "Somar  2 Matrizes 4x4\Somar  2 Matrizes 4x4.csproj", "{6066DA3E-4306-4657-8BE4-FE02FB47791C}"
EndProject
Project("{9A19103F-16F7-4668-BE54-9A1E7A4F7556}") = "Tranpor uma matriz 3x4 para outro 4x3", "Tranpor uma matriz 3x4 para outro 4x3\Tranpor uma matriz 3x4 para outro 4x3.csproj", "{E58E1C53-6E39-443C-9106-FDE03619A258}"
EndProject
Project("{9A19103F-16F7-4668-BE54-9A1E7A4F7556}") = "Grenal", "Grenal\Grenal.csproj", "{BFAD642F-2A03-474F-B90F-535410A814D2}"
EndProject
Project("{9A19103F-16F7-4668-BE54-9A1E7A4F7556}") = "Quatidade de Chuva", "Quatidade de Chuva\Quatidade de Chuva.csproj", "{F0908D0F-FC19-4095-86CE-D47C1DBB6F6D}"
EndProject
Project("{9A19103F-16F7-4668-BE54-9A1E7A4F7556}") = "Funcao", "Funcao\Funcao.csproj", "{F10FB161-CA90-4250-A6E4-EF055F33219D}"
EndProject
Project("{9A19103F-16F7-4668-BE54-9A1E7A4F7556}") = "Algoritimos", "Algoritimos\Algoritimos.csproj", "{38F15370-8755-4A4A-A55F-6E521F154BEB}"
EndProject
Project("{2150E333-8FDC-42A3-9474-1A3956D46DE8}") = "Algoritimo", "Algoritimo", "{37DF3158-FAA4-4B74-852B-30315A321F03}"
EndProject
Project("{2150E333-8FDC-42A3-9474-1A3956D46DE8}") = "Desafio2", "Desafio2", "{38453DBA-77B5-494B-88D8-F701FC4FA590}"
EndProject
Project("{FAE04EC0-301F-11D3-BF4B-00C04F79EFBC}") = "Desafio", "Desafio\Desafio.csproj", "{9FD7236A-E2E2-47F1-98E8-3A69F75EBE48}"
EndProject
Project("{2150E333-8FDC-42A3-9474-1A3956D46DE8}") = "Recursividade", "Recursividade", "{A59FC196-B29B-452B-ADB6-B07D5329801F}"
EndProject
Project("{9A19103F-16F7-4668-BE54-9A1E7A4F7556}") = "Recursividade", "Recursividade\Recursividade.csproj", "{3E2F0DAF-78A2-4902-AD1F-0786CA698918}"
EndProject
Project("{2150E333-8FDC-42A3-9474-1A3956D46DE8}") = "Listas", "Listas", "{5866DB02-05D4-4062-9D44-154B0B9F10B3}"
EndProject
Project("{9A19103F-16F7-4668-BE54-9A1E7A4F7556}") = "_Listas", "_Listas\_Listas.csproj", "{EEF75C8F-D30F-44AC-9A14-6F1E78894962}"
EndProject
Project("{2150E333-8FDC-42A3-9474-1A3956D46DE8}") = "Dicionario", "Dicionario", "{8DDE5406-0597-4C4D-8D4C-802FC58C0950}"
EndProject
Project("{9A19103F-16F7-4668-BE54-9A1E7A4F7556}") = "Dicionario", "Dicionario\Dicionario.csproj", "{D5F8B5F6-6CAF-4917-B359-F602C262A920}"
EndProject
Project("{9A19103F-16F7-4668-BE54-9A1E7A4F7556}") = "WinForms-AdoNet", "..\..\WinForms-Controle dinamicos\WinForms-AdoNet\WinForms-AdoNet.csproj", "{89AFE524-8A35-4B6B-8DB4-0AAF6104BA67}"
EndProject
Project("{2150E333-8FDC-42A3-9474-1A3956D46DE8}") = "Windows Forms", "Windows Forms", "{BF32D04E-C7F5-4A15-A4F6-B82A48BBF728}"
EndProject
Project("{9A19103F-16F7-4668-BE54-9A1E7A4F7556}") = "WinForms-Controle dinamicos", "..\..\WinForms-Controle dinamicos\WinForms-Controle dinamicos\WinForms-Controle dinamicos.csproj", "{4F8CF8A9-5187-47F1-9A45-21F2A3B8D6FB}"
EndProject
Project("{2150E333-8FDC-42A3-9474-1A3956D46DE8}") = "Exception", "Exception", "{61897AA6-48D2-4065-84BD-A67420E0D930}"
EndProject
Project("{FAE04EC0-301F-11D3-BF4B-00C04F79EFBC}") = "ExceptionAula", "Exception\ExceptionAula.csproj", "{3724FC16-D25B-46A0-83C6-A3188A095A1E}"
EndProject
Project("{2150E333-8FDC-42A3-9474-1A3956D46DE8}") = "StreamWriter", "StreamWriter", "{FC28E2B0-04F9-4F25-AB33-853F6A8110AB}"
EndProject
Project("{FAE04EC0-301F-11D3-BF4B-00C04F79EFBC}") = "Leitura de arquivo", "Leitura de arquivo\Leitura de arquivo.csproj", "{A8A22CBE-01F8-4E21-8080-AAEB3305A7A8}"
EndProject
Global
	GlobalSection(SolutionConfigurationPlatforms) = preSolution
		Debug|Any CPU = Debug|Any CPU
		Release|Any CPU = Release|Any CPU
	EndGlobalSection
	GlobalSection(ProjectConfigurationPlatforms) = postSolution
		{0EB8D592-0164-4B73-8556-9F962A9409F8}.Debug|Any CPU.ActiveCfg = Debug|Any CPU
		{0EB8D592-0164-4B73-8556-9F962A9409F8}.Debug|Any CPU.Build.0 = Debug|Any CPU
		{0EB8D592-0164-4B73-8556-9F962A9409F8}.Release|Any CPU.ActiveCfg = Release|Any CPU
		{0EB8D592-0164-4B73-8556-9F962A9409F8}.Release|Any CPU.Build.0 = Release|Any CPU
		{ABFA7038-E969-4BE1-9895-ED20EDDE2D23}.Debug|Any CPU.ActiveCfg = Debug|Any CPU
		{ABFA7038-E969-4BE1-9895-ED20EDDE2D23}.Debug|Any CPU.Build.0 = Debug|Any CPU
		{ABFA7038-E969-4BE1-9895-ED20EDDE2D23}.Release|Any CPU.ActiveCfg = Release|Any CPU
		{ABFA7038-E969-4BE1-9895-ED20EDDE2D23}.Release|Any CPU.Build.0 = Release|Any CPU
		{5B8564FF-CE09-4C26-8C2B-082181F017AA}.Debug|Any CPU.ActiveCfg = Debug|Any CPU
		{5B8564FF-CE09-4C26-8C2B-082181F017AA}.Debug|Any CPU.Build.0 = Debug|Any CPU
		{5B8564FF-CE09-4C26-8C2B-082181F017AA}.Release|Any CPU.ActiveCfg = Release|Any CPU
		{5B8564FF-CE09-4C26-8C2B-082181F017AA}.Release|Any CPU.Build.0 = Release|Any CPU
		{6066DA3E-4306-4657-8BE4-FE02FB47791C}.Debug|Any CPU.ActiveCfg = Debug|Any CPU
		{6066DA3E-4306-4657-8BE4-FE02FB47791C}.Debug|Any CPU.Build.0 = Debug|Any CPU
		{6066DA3E-4306-4657-8BE4-FE02FB47791C}.Release|Any CPU.ActiveCfg = Release|Any CPU
		{6066DA3E-4306-4657-8BE4-FE02FB47791C}.Release|Any CPU.Build.0 = Release|Any CPU
		{E58E1C53-6E39-443C-9106-FDE03619A258}.Debug|Any CPU.ActiveCfg = Debug|Any CPU
		{E58E1C53-6E39-443C-9106-FDE03619A258}.Debug|Any CPU.Build.0 = Debug|Any CPU
		{E58E1C53-6E39-443C-9106-FDE03619A258}.Release|Any CPU.ActiveCfg = Release|Any CPU
		{E58E1C53-6E39-443C-9106-FDE03619A258}.Release|Any CPU.Build.0 = Release|Any CPU
		{BFAD642F-2A03-474F-B90F-535410A814D2}.Debug|Any CPU.ActiveCfg = Debug|Any CPU
		{BFAD642F-2A03-474F-B90F-535410A814D2}.Debug|Any CPU.Build.0 = Debug|Any CPU
		{BFAD642F-2A03-474F-B90F-535410A814D2}.Release|Any CPU.ActiveCfg = Release|Any CPU
		{BFAD642F-2A03-474F-B90F-535410A814D2}.Release|Any CPU.Build.0 = Release|Any CPU
		{F0908D0F-FC19-4095-86CE-D47C1DBB6F6D}.Debug|Any CPU.ActiveCfg = Debug|Any CPU
		{F0908D0F-FC19-4095-86CE-D47C1DBB6F6D}.Debug|Any CPU.Build.0 = Debug|Any CPU
		{F0908D0F-FC19-4095-86CE-D47C1DBB6F6D}.Release|Any CPU.ActiveCfg = Release|Any CPU
		{F0908D0F-FC19-4095-86CE-D47C1DBB6F6D}.Release|Any CPU.Build.0 = Release|Any CPU
		{F10FB161-CA90-4250-A6E4-EF055F33219D}.Debug|Any CPU.ActiveCfg = Debug|Any CPU
		{F10FB161-CA90-4250-A6E4-EF055F33219D}.Debug|Any CPU.Build.0 = Debug|Any CPU
		{F10FB161-CA90-4250-A6E4-EF055F33219D}.Release|Any CPU.ActiveCfg = Release|Any CPU
		{F10FB161-CA90-4250-A6E4-EF055F33219D}.Release|Any CPU.Build.0 = Release|Any CPU
		{38F15370-8755-4A4A-A55F-6E521F154BEB}.Debug|Any CPU.ActiveCfg = Debug|Any CPU
		{38F15370-8755-4A4A-A55F-6E521F154BEB}.Debug|Any CPU.Build.0 = Debug|Any CPU
		{38F15370-8755-4A4A-A55F-6E521F154BEB}.Release|Any CPU.ActiveCfg = Release|Any CPU
		{38F15370-8755-4A4A-A55F-6E521F154BEB}.Release|Any CPU.Build.0 = Release|Any CPU
		{9FD7236A-E2E2-47F1-98E8-3A69F75EBE48}.Debug|Any CPU.ActiveCfg = Debug|Any CPU
		{9FD7236A-E2E2-47F1-98E8-3A69F75EBE48}.Debug|Any CPU.Build.0 = Debug|Any CPU
		{9FD7236A-E2E2-47F1-98E8-3A69F75EBE48}.Release|Any CPU.ActiveCfg = Release|Any CPU
		{9FD7236A-E2E2-47F1-98E8-3A69F75EBE48}.Release|Any CPU.Build.0 = Release|Any CPU
		{3E2F0DAF-78A2-4902-AD1F-0786CA698918}.Debug|Any CPU.ActiveCfg = Debug|Any CPU
		{3E2F0DAF-78A2-4902-AD1F-0786CA698918}.Debug|Any CPU.Build.0 = Debug|Any CPU
		{3E2F0DAF-78A2-4902-AD1F-0786CA698918}.Release|Any CPU.ActiveCfg = Release|Any CPU
		{3E2F0DAF-78A2-4902-AD1F-0786CA698918}.Release|Any CPU.Build.0 = Release|Any CPU
		{EEF75C8F-D30F-44AC-9A14-6F1E78894962}.Debug|Any CPU.ActiveCfg = Debug|Any CPU
		{EEF75C8F-D30F-44AC-9A14-6F1E78894962}.Debug|Any CPU.Build.0 = Debug|Any CPU
		{EEF75C8F-D30F-44AC-9A14-6F1E78894962}.Release|Any CPU.ActiveCfg = Release|Any CPU
		{EEF75C8F-D30F-44AC-9A14-6F1E78894962}.Release|Any CPU.Build.0 = Release|Any CPU
		{D5F8B5F6-6CAF-4917-B359-F602C262A920}.Debug|Any CPU.ActiveCfg = Debug|Any CPU
		{D5F8B5F6-6CAF-4917-B359-F602C262A920}.Debug|Any CPU.Build.0 = Debug|Any CPU
		{D5F8B5F6-6CAF-4917-B359-F602C262A920}.Release|Any CPU.ActiveCfg = Release|Any CPU
		{D5F8B5F6-6CAF-4917-B359-F602C262A920}.Release|Any CPU.Build.0 = Release|Any CPU
		{89AFE524-8A35-4B6B-8DB4-0AAF6104BA67}.Debug|Any CPU.ActiveCfg = Debug|Any CPU
		{89AFE524-8A35-4B6B-8DB4-0AAF6104BA67}.Debug|Any CPU.Build.0 = Debug|Any CPU
		{89AFE524-8A35-4B6B-8DB4-0AAF6104BA67}.Release|Any CPU.ActiveCfg = Release|Any CPU
		{89AFE524-8A35-4B6B-8DB4-0AAF6104BA67}.Release|Any CPU.Build.0 = Release|Any CPU
		{4F8CF8A9-5187-47F1-9A45-21F2A3B8D6FB}.Debug|Any CPU.ActiveCfg = Debug|Any CPU
		{4F8CF8A9-5187-47F1-9A45-21F2A3B8D6FB}.Debug|Any CPU.Build.0 = Debug|Any CPU
		{4F8CF8A9-5187-47F1-9A45-21F2A3B8D6FB}.Release|Any CPU.ActiveCfg = Release|Any CPU
		{4F8CF8A9-5187-47F1-9A45-21F2A3B8D6FB}.Release|Any CPU.Build.0 = Release|Any CPU
		{3724FC16-D25B-46A0-83C6-A3188A095A1E}.Debug|Any CPU.ActiveCfg = Debug|Any CPU
		{3724FC16-D25B-46A0-83C6-A3188A095A1E}.Debug|Any CPU.Build.0 = Debug|Any CPU
		{3724FC16-D25B-46A0-83C6-A3188A095A1E}.Release|Any CPU.ActiveCfg = Release|Any CPU
		{3724FC16-D25B-46A0-83C6-A3188A095A1E}.Release|Any CPU.Build.0 = Release|Any CPU
		{A8A22CBE-01F8-4E21-8080-AAEB3305A7A8}.Debug|Any CPU.ActiveCfg = Debug|Any CPU
		{A8A22CBE-01F8-4E21-8080-AAEB3305A7A8}.Debug|Any CPU.Build.0 = Debug|Any CPU
		{A8A22CBE-01F8-4E21-8080-AAEB3305A7A8}.Release|Any CPU.ActiveCfg = Release|Any CPU
		{A8A22CBE-01F8-4E21-8080-AAEB3305A7A8}.Release|Any CPU.Build.0 = Release|Any CPU
	EndGlobalSection
	GlobalSection(SolutionProperties) = preSolution
		HideSolutionNode = FALSE
	EndGlobalSection
	GlobalSection(NestedProjects) = preSolution
		{0EB8D592-0164-4B73-8556-9F962A9409F8} = {07D918D0-C6CD-4D11-822B-AFFE603CD401}
		{ABFA7038-E969-4BE1-9895-ED20EDDE2D23} = {31698176-33DD-4C8E-9B12-376D574AF1F1}
		{5B8564FF-CE09-4C26-8C2B-082181F017AA} = {31698176-33DD-4C8E-9B12-376D574AF1F1}
		{E0094BD1-E643-4533-A508-51775EFCE68B} = {B448C372-F760-4D72-BF1D-18853BFFD0B0}
		{6066DA3E-4306-4657-8BE4-FE02FB47791C} = {07D918D0-C6CD-4D11-822B-AFFE603CD401}
		{E58E1C53-6E39-443C-9106-FDE03619A258} = {07D918D0-C6CD-4D11-822B-AFFE603CD401}
		{BFAD642F-2A03-474F-B90F-535410A814D2} = {07D918D0-C6CD-4D11-822B-AFFE603CD401}
		{F0908D0F-FC19-4095-86CE-D47C1DBB6F6D} = {07D918D0-C6CD-4D11-822B-AFFE603CD401}
		{F10FB161-CA90-4250-A6E4-EF055F33219D} = {31698176-33DD-4C8E-9B12-376D574AF1F1}
		{38F15370-8755-4A4A-A55F-6E521F154BEB} = {37DF3158-FAA4-4B74-852B-30315A321F03}
		{9FD7236A-E2E2-47F1-98E8-3A69F75EBE48} = {38453DBA-77B5-494B-88D8-F701FC4FA590}
		{A59FC196-B29B-452B-ADB6-B07D5329801F} = {31698176-33DD-4C8E-9B12-376D574AF1F1}
		{3E2F0DAF-78A2-4902-AD1F-0786CA698918} = {A59FC196-B29B-452B-ADB6-B07D5329801F}
		{EEF75C8F-D30F-44AC-9A14-6F1E78894962} = {5866DB02-05D4-4062-9D44-154B0B9F10B3}
		{D5F8B5F6-6CAF-4917-B359-F602C262A920} = {8DDE5406-0597-4C4D-8D4C-802FC58C0950}
		{89AFE524-8A35-4B6B-8DB4-0AAF6104BA67} = {BF32D04E-C7F5-4A15-A4F6-B82A48BBF728}
		{4F8CF8A9-5187-47F1-9A45-21F2A3B8D6FB} = {BF32D04E-C7F5-4A15-A4F6-B82A48BBF728}
		{3724FC16-D25B-46A0-83C6-A3188A095A1E} = {61897AA6-48D2-4065-84BD-A67420E0D930}
		{A8A22CBE-01F8-4E21-8080-AAEB3305A7A8} = {FC28E2B0-04F9-4F25-AB33-853F6A8110AB}
	EndGlobalSection
	GlobalSection(ExtensibilityGlobals) = postSolution
		SolutionGuid = {F5DF9800-A824-43ED-B2CC-AE625AF8F2B4}
	EndGlobalSection
EndGlobal
