
Microsoft Visual Studio Solution File, Format Version 12.00
# Visual Studio Version 17
VisualStudioVersion = 17.0.32002.185
MinimumVisualStudioVersion = 10.0.40219.1
Project("{9A19103F-16F7-4668-BE54-9A1E7A4F7556}") = "RestAPI_Net6", "RestAPI_Net6.csproj", "{49EDACFA-3BB7-4BFD-AF9D-AF22CEFA62EB}"
EndProject
Project("{FAE04EC0-301F-11D3-BF4B-00C04F79EFBC}") = "ConsumindoApi", "..\ConsumindoApi\ConsumindoApi.csproj", "{B5D4E48A-77BD-440D-8B85-4DA8D31CE732}"
EndProject
Global
	GlobalSection(SolutionConfigurationPlatforms) = preSolution
		Debug|Any CPU = Debug|Any CPU
		Release|Any CPU = Release|Any CPU
	EndGlobalSection
	GlobalSection(ProjectConfigurationPlatforms) = postSolution
		{49EDACFA-3BB7-4BFD-AF9D-AF22CEFA62EB}.Debug|Any CPU.ActiveCfg = Debug|Any CPU
		{49EDACFA-3BB7-4BFD-AF9D-AF22CEFA62EB}.Debug|Any CPU.Build.0 = Debug|Any CPU
		{49EDACFA-3BB7-4BFD-AF9D-AF22CEFA62EB}.Release|Any CPU.ActiveCfg = Release|Any CPU
		{49EDACFA-3BB7-4BFD-AF9D-AF22CEFA62EB}.Release|Any CPU.Build.0 = Release|Any CPU
		{B5D4E48A-77BD-440D-8B85-4DA8D31CE732}.Debug|Any CPU.ActiveCfg = Debug|Any CPU
		{B5D4E48A-77BD-440D-8B85-4DA8D31CE732}.Debug|Any CPU.Build.0 = Debug|Any CPU
		{B5D4E48A-77BD-440D-8B85-4DA8D31CE732}.Release|Any CPU.ActiveCfg = Release|Any CPU
		{B5D4E48A-77BD-440D-8B85-4DA8D31CE732}.Release|Any CPU.Build.0 = Release|Any CPU
	EndGlobalSection
	GlobalSection(SolutionProperties) = preSolution
		HideSolutionNode = FALSE
	EndGlobalSection
	GlobalSection(ExtensibilityGlobals) = postSolution
		SolutionGuid = {DE9339CA-C92E-4E72-87FF-DDBA8671D46B}
	EndGlobalSection
EndGlobal
